
Microsoft Visual Studio Solution File, Format Version 12.00
# Visual Studio Version 16
VisualStudioVersion = 16.0.31911.196
MinimumVisualStudioVersion = 10.0.40219.1
Project("{FAE04EC0-301F-11D3-BF4B-00C04F79EFBC}") = "ExpenseTrackerApp", "ExpenseTrackerApp\ExpenseTrackerApp.csproj", "{012CD879-2158-4363-8044-DD80B1E83FB0}"
EndProject
Global
	GlobalSection(SolutionConfigurationPlatforms) = preSolution
		Debug|Any CPU = Debug|Any CPU
		Release|Any CPU = Release|Any CPU
	EndGlobalSection
	GlobalSection(ProjectConfigurationPlatforms) = postSolution
		{012CD879-2158-4363-8044-DD80B1E83FB0}.Debug|Any CPU.ActiveCfg = Debug|Any CPU
		{012CD879-2158-4363-8044-DD80B1E83FB0}.Debug|Any CPU.Build.0 = Debug|Any CPU
		{012CD879-2158-4363-8044-DD80B1E83FB0}.Release|Any CPU.ActiveCfg = Release|Any CPU
		{012CD879-2158-4363-8044-DD80B1E83FB0}.Release|Any CPU.Build.0 = Release|Any CPU
	EndGlobalSection
	GlobalSection(SolutionProperties) = preSolution
		HideSolutionNode = FALSE
	EndGlobalSection
	GlobalSection(ExtensibilityGlobals) = postSolution
		SolutionGuid = {C571B94A-797F-4455-821B-29F0E3FF6162}
	EndGlobalSection
EndGlobal
